
Microsoft Visual Studio Solution File, Format Version 12.00
# Visual Studio Version 17
VisualStudioVersion = 17.11.35303.130
MinimumVisualStudioVersion = 10.0.40219.1
Project("{888888A0-9F3D-457C-B088-3A5042F75D52}") = "QuantumTeleportation", "QuantumTeleportation.pyproj", "{46E4ADE7-AFC4-487B-835F-4576759EC4DE}"
EndProject
Global
	GlobalSection(SolutionConfigurationPlatforms) = preSolution
		Debug|Any CPU = Debug|Any CPU
		Release|Any CPU = Release|Any CPU
	EndGlobalSection
	GlobalSection(ProjectConfigurationPlatforms) = postSolution
		{46E4ADE7-AFC4-487B-835F-4576759EC4DE}.Debug|Any CPU.ActiveCfg = Debug|Any CPU
		{46E4ADE7-AFC4-487B-835F-4576759EC4DE}.Release|Any CPU.ActiveCfg = Release|Any CPU
	EndGlobalSection
	GlobalSection(SolutionProperties) = preSolution
		HideSolutionNode = FALSE
	EndGlobalSection
	GlobalSection(ExtensibilityGlobals) = postSolution
		SolutionGuid = {74C81DF9-1B23-4B84-96F1-36459621ECBD}
	EndGlobalSection
EndGlobal
